
Microsoft Visual Studio Solution File, Format Version 12.00
# Visual Studio Version 17
VisualStudioVersion = 17.8.34511.84
MinimumVisualStudioVersion = 10.0.40219.1
Project("{FAE04EC0-301F-11D3-BF4B-00C04F79EFBC}") = "PartialViewInAspCore8", "PartialViewInAspCore8\PartialViewInAspCore8.csproj", "{D8FAFF3C-0125-4806-963E-D77D29B08BC3}"
EndProject
Global
	GlobalSection(SolutionConfigurationPlatforms) = preSolution
		Debug|Any CPU = Debug|Any CPU
		Release|Any CPU = Release|Any CPU
	EndGlobalSection
	GlobalSection(ProjectConfigurationPlatforms) = postSolution
		{D8FAFF3C-0125-4806-963E-D77D29B08BC3}.Debug|Any CPU.ActiveCfg = Debug|Any CPU
		{D8FAFF3C-0125-4806-963E-D77D29B08BC3}.Debug|Any CPU.Build.0 = Debug|Any CPU
		{D8FAFF3C-0125-4806-963E-D77D29B08BC3}.Release|Any CPU.ActiveCfg = Release|Any CPU
		{D8FAFF3C-0125-4806-963E-D77D29B08BC3}.Release|Any CPU.Build.0 = Release|Any CPU
	EndGlobalSection
	GlobalSection(SolutionProperties) = preSolution
		HideSolutionNode = FALSE
	EndGlobalSection
	GlobalSection(ExtensibilityGlobals) = postSolution
		SolutionGuid = {D2B0E894-A8EE-40B0-920B-E8FB21E5768B}
	EndGlobalSection
EndGlobal
